
Microsoft Visual Studio Solution File, Format Version 12.00
# Visual Studio Version 17
VisualStudioVersion = 17.4.33403.182
MinimumVisualStudioVersion = 10.0.40219.1
Project("{8BC9CEB8-8B4A-11D0-8D11-00A0C91BC942}") = "LongInt", "LongInt\LongInt.vcxproj", "{AF8C10AF-05EF-480E-9E0C-7767D2C57E60}"
EndProject
Global
	GlobalSection(SolutionConfigurationPlatforms) = preSolution
		Debug|x64 = Debug|x64
		Debug|x86 = Debug|x86
		Release|x64 = Release|x64
		Release|x86 = Release|x86
	EndGlobalSection
	GlobalSection(ProjectConfigurationPlatforms) = postSolution
		{AF8C10AF-05EF-480E-9E0C-7767D2C57E60}.Debug|x64.ActiveCfg = Debug|x64
		{AF8C10AF-05EF-480E-9E0C-7767D2C57E60}.Debug|x64.Build.0 = Debug|x64
		{AF8C10AF-05EF-480E-9E0C-7767D2C57E60}.Debug|x86.ActiveCfg = Debug|Win32
		{AF8C10AF-05EF-480E-9E0C-7767D2C57E60}.Debug|x86.Build.0 = Debug|Win32
		{AF8C10AF-05EF-480E-9E0C-7767D2C57E60}.Release|x64.ActiveCfg = Release|x64
		{AF8C10AF-05EF-480E-9E0C-7767D2C57E60}.Release|x64.Build.0 = Release|x64
		{AF8C10AF-05EF-480E-9E0C-7767D2C57E60}.Release|x86.ActiveCfg = Release|Win32
		{AF8C10AF-05EF-480E-9E0C-7767D2C57E60}.Release|x86.Build.0 = Release|Win32
	EndGlobalSection
	GlobalSection(SolutionProperties) = preSolution
		HideSolutionNode = FALSE
	EndGlobalSection
	GlobalSection(ExtensibilityGlobals) = postSolution
		SolutionGuid = {49C07118-3FC4-4DCF-9B5E-1A6B8F4C3F1D}
	EndGlobalSection
EndGlobal
